
Microsoft Visual Studio Solution File, Format Version 12.00
# Visual Studio Version 17
VisualStudioVersion = 17.5.002.0
MinimumVisualStudioVersion = 10.0.40219.1
Project("{9A19103F-16F7-4668-BE54-9A1E7A4F7556}") = "backend", "backend\backend.csproj", "{E973EC6A-B48F-4FCC-9285-3A185E3660BF}"
EndProject
Project("{9A19103F-16F7-4668-BE54-9A1E7A4F7556}") = "frontend", "frontend\frontend.csproj", "{69A37422-2DAC-4CEC-9317-73279914106B}"
EndProject
Global
	GlobalSection(SolutionConfigurationPlatforms) = preSolution
		Debug|Any CPU = Debug|Any CPU
		Release|Any CPU = Release|Any CPU
	EndGlobalSection
	GlobalSection(ProjectConfigurationPlatforms) = postSolution
		{E973EC6A-B48F-4FCC-9285-3A185E3660BF}.Debug|Any CPU.ActiveCfg = Debug|Any CPU
		{E973EC6A-B48F-4FCC-9285-3A185E3660BF}.Debug|Any CPU.Build.0 = Debug|Any CPU
		{E973EC6A-B48F-4FCC-9285-3A185E3660BF}.Release|Any CPU.ActiveCfg = Release|Any CPU
		{E973EC6A-B48F-4FCC-9285-3A185E3660BF}.Release|Any CPU.Build.0 = Release|Any CPU
		{69A37422-2DAC-4CEC-9317-73279914106B}.Debug|Any CPU.ActiveCfg = Debug|Any CPU
		{69A37422-2DAC-4CEC-9317-73279914106B}.Debug|Any CPU.Build.0 = Debug|Any CPU
		{69A37422-2DAC-4CEC-9317-73279914106B}.Release|Any CPU.ActiveCfg = Release|Any CPU
		{69A37422-2DAC-4CEC-9317-73279914106B}.Release|Any CPU.Build.0 = Release|Any CPU
	EndGlobalSection
	GlobalSection(SolutionProperties) = preSolution
		HideSolutionNode = FALSE
	EndGlobalSection
	GlobalSection(ExtensibilityGlobals) = postSolution
		SolutionGuid = {457800AE-3ADA-4D8B-A98D-A16B2CA19C31}
	EndGlobalSection
EndGlobal
